
Microsoft Visual Studio Solution File, Format Version 12.00
# Visual Studio Version 16
VisualStudioVersion = 16.0.29503.13
MinimumVisualStudioVersion = 10.0.40219.1
Project("{FAE04EC0-301F-11D3-BF4B-00C04F79EFBC}") = "AddressBook.Api", "AddressBook.Api\AddressBook.Api.csproj", "{FB34EEE5-B87C-4BDB-9A6A-5709AD059A2B}"
EndProject
Project("{9A19103F-16F7-4668-BE54-9A1E7A4F7556}") = "AddressBook.Domain", "AddressBook.Domain\AddressBook.Domain.csproj", "{64AAF8C6-8306-4283-93EF-A825F7F0D49F}"
EndProject
Project("{9A19103F-16F7-4668-BE54-9A1E7A4F7556}") = "AddressBook.Infrastructure", "AddressBook.Infrastructure\AddressBook.Infrastructure.csproj", "{DB3C68D8-096B-4299-AC91-E9006F9EF9A5}"
EndProject
Global
	GlobalSection(SolutionConfigurationPlatforms) = preSolution
		Debug|Any CPU = Debug|Any CPU
		Release|Any CPU = Release|Any CPU
	EndGlobalSection
	GlobalSection(ProjectConfigurationPlatforms) = postSolution
		{FB34EEE5-B87C-4BDB-9A6A-5709AD059A2B}.Debug|Any CPU.ActiveCfg = Debug|Any CPU
		{FB34EEE5-B87C-4BDB-9A6A-5709AD059A2B}.Debug|Any CPU.Build.0 = Debug|Any CPU
		{FB34EEE5-B87C-4BDB-9A6A-5709AD059A2B}.Release|Any CPU.ActiveCfg = Release|Any CPU
		{FB34EEE5-B87C-4BDB-9A6A-5709AD059A2B}.Release|Any CPU.Build.0 = Release|Any CPU
		{64AAF8C6-8306-4283-93EF-A825F7F0D49F}.Debug|Any CPU.ActiveCfg = Debug|Any CPU
		{64AAF8C6-8306-4283-93EF-A825F7F0D49F}.Debug|Any CPU.Build.0 = Debug|Any CPU
		{64AAF8C6-8306-4283-93EF-A825F7F0D49F}.Release|Any CPU.ActiveCfg = Release|Any CPU
		{64AAF8C6-8306-4283-93EF-A825F7F0D49F}.Release|Any CPU.Build.0 = Release|Any CPU
		{DB3C68D8-096B-4299-AC91-E9006F9EF9A5}.Debug|Any CPU.ActiveCfg = Debug|Any CPU
		{DB3C68D8-096B-4299-AC91-E9006F9EF9A5}.Debug|Any CPU.Build.0 = Debug|Any CPU
		{DB3C68D8-096B-4299-AC91-E9006F9EF9A5}.Release|Any CPU.ActiveCfg = Release|Any CPU
		{DB3C68D8-096B-4299-AC91-E9006F9EF9A5}.Release|Any CPU.Build.0 = Release|Any CPU
	EndGlobalSection
	GlobalSection(SolutionProperties) = preSolution
		HideSolutionNode = FALSE
	EndGlobalSection
	GlobalSection(ExtensibilityGlobals) = postSolution
		SolutionGuid = {7B35986E-129F-4005-8A95-556EF692675D}
	EndGlobalSection
EndGlobal
